
Microsoft Visual Studio Solution File, Format Version 12.00
# Visual Studio 2012
Project("{FAE04EC0-301F-11D3-BF4B-00C04F79EFBC}") = "MathExpression", "MathExpression.csproj", "{E4CA6DE0-5E31-4B47-9AE9-B6485B4AA131}"
EndProject
Project("{FAE04EC0-301F-11D3-BF4B-00C04F79EFBC}") = "MathExpressionTests", "Tests\MathExpressionTests.csproj", "{1011E947-DE67-4524-B606-BB43EC846CA0}"
EndProject
Global
	GlobalSection(SolutionConfigurationPlatforms) = preSolution
		Debug|Any CPU = Debug|Any CPU
		Release|Any CPU = Release|Any CPU
	EndGlobalSection
	GlobalSection(ProjectConfigurationPlatforms) = postSolution
		{E4CA6DE0-5E31-4B47-9AE9-B6485B4AA131}.Debug|Any CPU.ActiveCfg = Debug|Any CPU
		{E4CA6DE0-5E31-4B47-9AE9-B6485B4AA131}.Debug|Any CPU.Build.0 = Debug|Any CPU
		{E4CA6DE0-5E31-4B47-9AE9-B6485B4AA131}.Release|Any CPU.ActiveCfg = Release|Any CPU
		{E4CA6DE0-5E31-4B47-9AE9-B6485B4AA131}.Release|Any CPU.Build.0 = Release|Any CPU
		{1011E947-DE67-4524-B606-BB43EC846CA0}.Debug|Any CPU.ActiveCfg = Debug|Any CPU
		{1011E947-DE67-4524-B606-BB43EC846CA0}.Debug|Any CPU.Build.0 = Debug|Any CPU
		{1011E947-DE67-4524-B606-BB43EC846CA0}.Release|Any CPU.ActiveCfg = Release|Any CPU
		{1011E947-DE67-4524-B606-BB43EC846CA0}.Release|Any CPU.Build.0 = Release|Any CPU
	EndGlobalSection
	GlobalSection(SolutionProperties) = preSolution
		HideSolutionNode = FALSE
	EndGlobalSection
EndGlobal
